
Microsoft Visual Studio Solution File, Format Version 12.00
# Visual Studio Version 16
VisualStudioVersion = 16.0.32002.261
MinimumVisualStudioVersion = 10.0.40219.1
Project("{FAE04EC0-301F-11D3-BF4B-00C04F79EFBC}") = "ContosoUniversityModelBinding", "ContosoUniversityModelBinding\ContosoUniversityModelBinding.csproj", "{0FCA410D-1C39-4096-86C9-5530BF6EE146}"
EndProject
Global
	GlobalSection(SolutionConfigurationPlatforms) = preSolution
		Debug|Any CPU = Debug|Any CPU
		Release|Any CPU = Release|Any CPU
	EndGlobalSection
	GlobalSection(ProjectConfigurationPlatforms) = postSolution
		{0FCA410D-1C39-4096-86C9-5530BF6EE146}.Debug|Any CPU.ActiveCfg = Debug|Any CPU
		{0FCA410D-1C39-4096-86C9-5530BF6EE146}.Debug|Any CPU.Build.0 = Debug|Any CPU
		{0FCA410D-1C39-4096-86C9-5530BF6EE146}.Release|Any CPU.ActiveCfg = Release|Any CPU
		{0FCA410D-1C39-4096-86C9-5530BF6EE146}.Release|Any CPU.Build.0 = Release|Any CPU
	EndGlobalSection
	GlobalSection(SolutionProperties) = preSolution
		HideSolutionNode = FALSE
	EndGlobalSection
	GlobalSection(ExtensibilityGlobals) = postSolution
		SolutionGuid = {4426722E-AB4A-42F9-8E3F-F21902E61384}
	EndGlobalSection
EndGlobal
