
Microsoft Visual Studio Solution File, Format Version 12.00
# Visual Studio Version 16
VisualStudioVersion = 16.0.32510.428
MinimumVisualStudioVersion = 10.0.40219.1
Project("{9A19103F-16F7-4668-BE54-9A1E7A4F7556}") = "NetCoreAngularApp", "NetCoreAngularApp\NetCoreAngularApp.csproj", "{6D63AF8F-AE4D-4E7B-84AB-FBB71C92520C}"
EndProject
Project("{2150E333-8FDC-42A3-9474-1A3956D46DE8}") = "1-Web", "1-Web", "{AF64300A-BAEB-42DB-B846-C07341C398C7}"
EndProject
Project("{2150E333-8FDC-42A3-9474-1A3956D46DE8}") = "2-Application", "2-Application", "{34A91EE0-6690-4EC0-9A33-15C781E9F37F}"
EndProject
Project("{2150E333-8FDC-42A3-9474-1A3956D46DE8}") = "3-Domain", "3-Domain", "{9D43E3CA-ECB5-46EE-90A7-A62875170104}"
EndProject
Project("{2150E333-8FDC-42A3-9474-1A3956D46DE8}") = "4-Infra", "4-Infra", "{44B0DC7A-1D4B-4DF7-B04D-687D305DD40F}"
EndProject
Project("{9A19103F-16F7-4668-BE54-9A1E7A4F7556}") = "NetCoreAngularApp.Application", "NetCoreAngularApp.Application\NetCoreAngularApp.Application.csproj", "{387AAF9B-D0B6-4C69-8D92-CC860CE1BFC2}"
EndProject
Project("{9A19103F-16F7-4668-BE54-9A1E7A4F7556}") = "NetCoreAngularApp.Domain", "NetCoreAngularApp.Domain\NetCoreAngularApp.Domain.csproj", "{856EEBCF-C600-4C1A-B021-890825FD28CC}"
EndProject
Project("{2150E333-8FDC-42A3-9474-1A3956D46DE8}") = "4.1-Data", "4.1-Data", "{76B6BE2F-00BA-49E2-9286-06203DB66B28}"
EndProject
Project("{2150E333-8FDC-42A3-9474-1A3956D46DE8}") = "4.2-CrossCutting", "4.2-CrossCutting", "{518DB82A-817C-44D1-AEA3-E030F88F3FFF}"
EndProject
Project("{9A19103F-16F7-4668-BE54-9A1E7A4F7556}") = "NetCoreAngularApp.Data", "NetCoreAngularApp.Data\NetCoreAngularApp.Data.csproj", "{50EA3DC3-73DD-4580-869C-E45029C8E916}"
EndProject
Project("{9A19103F-16F7-4668-BE54-9A1E7A4F7556}") = "NetCoreAngularApp.IoC", "NetCoreAngularApp.IoC\NetCoreAngularApp.IoC.csproj", "{EEFB0864-DDC7-4242-A9FB-33FB11FF68DF}"
EndProject
Project("{9A19103F-16F7-4668-BE54-9A1E7A4F7556}") = "NetCoreAngularApp.Swagger", "NetCoreAngularApp.Swagger\NetCoreAngularApp.Swagger.csproj", "{EBBD8EA5-4EDB-4580-9F86-D784E2434DDA}"
EndProject
Project("{FAE04EC0-301F-11D3-BF4B-00C04F79EFBC}") = "NetCoreAngularApp.Auth", "NetCoreAngularApp.Auth\NetCoreAngularApp.Auth.csproj", "{DC97367E-00CE-449E-B4AC-AA12F4DD8737}"
EndProject
Project("{2150E333-8FDC-42A3-9474-1A3956D46DE8}") = "0-Tests", "0-Tests", "{B4C78E53-8BCC-4E49-9C96-B53B718EB237}"
EndProject
Project("{FAE04EC0-301F-11D3-BF4B-00C04F79EFBC}") = "NetCoreAngularApp.Application.Tests", "NetCoreAngularApp.Application.Tests\NetCoreAngularApp.Application.Tests.csproj", "{BD60C648-2DB7-49FA-8F69-0987B1EE333D}"
EndProject
Global
	GlobalSection(SolutionConfigurationPlatforms) = preSolution
		Debug|Any CPU = Debug|Any CPU
		Release|Any CPU = Release|Any CPU
	EndGlobalSection
	GlobalSection(ProjectConfigurationPlatforms) = postSolution
		{6D63AF8F-AE4D-4E7B-84AB-FBB71C92520C}.Debug|Any CPU.ActiveCfg = Debug|Any CPU
		{6D63AF8F-AE4D-4E7B-84AB-FBB71C92520C}.Debug|Any CPU.Build.0 = Debug|Any CPU
		{6D63AF8F-AE4D-4E7B-84AB-FBB71C92520C}.Release|Any CPU.ActiveCfg = Release|Any CPU
		{6D63AF8F-AE4D-4E7B-84AB-FBB71C92520C}.Release|Any CPU.Build.0 = Release|Any CPU
		{387AAF9B-D0B6-4C69-8D92-CC860CE1BFC2}.Debug|Any CPU.ActiveCfg = Debug|Any CPU
		{387AAF9B-D0B6-4C69-8D92-CC860CE1BFC2}.Debug|Any CPU.Build.0 = Debug|Any CPU
		{387AAF9B-D0B6-4C69-8D92-CC860CE1BFC2}.Release|Any CPU.ActiveCfg = Release|Any CPU
		{387AAF9B-D0B6-4C69-8D92-CC860CE1BFC2}.Release|Any CPU.Build.0 = Release|Any CPU
		{856EEBCF-C600-4C1A-B021-890825FD28CC}.Debug|Any CPU.ActiveCfg = Debug|Any CPU
		{856EEBCF-C600-4C1A-B021-890825FD28CC}.Debug|Any CPU.Build.0 = Debug|Any CPU
		{856EEBCF-C600-4C1A-B021-890825FD28CC}.Release|Any CPU.ActiveCfg = Release|Any CPU
		{856EEBCF-C600-4C1A-B021-890825FD28CC}.Release|Any CPU.Build.0 = Release|Any CPU
		{50EA3DC3-73DD-4580-869C-E45029C8E916}.Debug|Any CPU.ActiveCfg = Debug|Any CPU
		{50EA3DC3-73DD-4580-869C-E45029C8E916}.Debug|Any CPU.Build.0 = Debug|Any CPU
		{50EA3DC3-73DD-4580-869C-E45029C8E916}.Release|Any CPU.ActiveCfg = Release|Any CPU
		{50EA3DC3-73DD-4580-869C-E45029C8E916}.Release|Any CPU.Build.0 = Release|Any CPU
		{EEFB0864-DDC7-4242-A9FB-33FB11FF68DF}.Debug|Any CPU.ActiveCfg = Debug|Any CPU
		{EEFB0864-DDC7-4242-A9FB-33FB11FF68DF}.Debug|Any CPU.Build.0 = Debug|Any CPU
		{EEFB0864-DDC7-4242-A9FB-33FB11FF68DF}.Release|Any CPU.ActiveCfg = Release|Any CPU
		{EEFB0864-DDC7-4242-A9FB-33FB11FF68DF}.Release|Any CPU.Build.0 = Release|Any CPU
		{EBBD8EA5-4EDB-4580-9F86-D784E2434DDA}.Debug|Any CPU.ActiveCfg = Debug|Any CPU
		{EBBD8EA5-4EDB-4580-9F86-D784E2434DDA}.Debug|Any CPU.Build.0 = Debug|Any CPU
		{EBBD8EA5-4EDB-4580-9F86-D784E2434DDA}.Release|Any CPU.ActiveCfg = Release|Any CPU
		{EBBD8EA5-4EDB-4580-9F86-D784E2434DDA}.Release|Any CPU.Build.0 = Release|Any CPU
		{DC97367E-00CE-449E-B4AC-AA12F4DD8737}.Debug|Any CPU.ActiveCfg = Debug|Any CPU
		{DC97367E-00CE-449E-B4AC-AA12F4DD8737}.Debug|Any CPU.Build.0 = Debug|Any CPU
		{DC97367E-00CE-449E-B4AC-AA12F4DD8737}.Release|Any CPU.ActiveCfg = Release|Any CPU
		{DC97367E-00CE-449E-B4AC-AA12F4DD8737}.Release|Any CPU.Build.0 = Release|Any CPU
		{BD60C648-2DB7-49FA-8F69-0987B1EE333D}.Debug|Any CPU.ActiveCfg = Debug|Any CPU
		{BD60C648-2DB7-49FA-8F69-0987B1EE333D}.Debug|Any CPU.Build.0 = Debug|Any CPU
		{BD60C648-2DB7-49FA-8F69-0987B1EE333D}.Release|Any CPU.ActiveCfg = Release|Any CPU
		{BD60C648-2DB7-49FA-8F69-0987B1EE333D}.Release|Any CPU.Build.0 = Release|Any CPU
	EndGlobalSection
	GlobalSection(SolutionProperties) = preSolution
		HideSolutionNode = FALSE
	EndGlobalSection
	GlobalSection(NestedProjects) = preSolution
		{6D63AF8F-AE4D-4E7B-84AB-FBB71C92520C} = {AF64300A-BAEB-42DB-B846-C07341C398C7}
		{387AAF9B-D0B6-4C69-8D92-CC860CE1BFC2} = {34A91EE0-6690-4EC0-9A33-15C781E9F37F}
		{856EEBCF-C600-4C1A-B021-890825FD28CC} = {9D43E3CA-ECB5-46EE-90A7-A62875170104}
		{76B6BE2F-00BA-49E2-9286-06203DB66B28} = {44B0DC7A-1D4B-4DF7-B04D-687D305DD40F}
		{518DB82A-817C-44D1-AEA3-E030F88F3FFF} = {44B0DC7A-1D4B-4DF7-B04D-687D305DD40F}
		{50EA3DC3-73DD-4580-869C-E45029C8E916} = {76B6BE2F-00BA-49E2-9286-06203DB66B28}
		{EEFB0864-DDC7-4242-A9FB-33FB11FF68DF} = {518DB82A-817C-44D1-AEA3-E030F88F3FFF}
		{EBBD8EA5-4EDB-4580-9F86-D784E2434DDA} = {518DB82A-817C-44D1-AEA3-E030F88F3FFF}
		{DC97367E-00CE-449E-B4AC-AA12F4DD8737} = {518DB82A-817C-44D1-AEA3-E030F88F3FFF}
		{BD60C648-2DB7-49FA-8F69-0987B1EE333D} = {B4C78E53-8BCC-4E49-9C96-B53B718EB237}
	EndGlobalSection
	GlobalSection(ExtensibilityGlobals) = postSolution
		SolutionGuid = {B847BB49-0559-4A93-ACF5-7711F49C2890}
	EndGlobalSection
EndGlobal
