
Microsoft Visual Studio Solution File, Format Version 12.00
# Visual Studio Version 16
VisualStudioVersion = 16.0.32002.261
MinimumVisualStudioVersion = 10.0.40219.1
Project("{FAE04EC0-301F-11D3-BF4B-00C04F79EFBC}") = "NetCoreAngularApp", "NetCoreAngularApp\NetCoreAngularApp.csproj", "{B2E989C0-5C50-426F-820E-24AD908A9B39}"
EndProject
Project("{2150E333-8FDC-42A3-9474-1A3956D46DE8}") = "1- Web", "1- Web", "{8E7A53C1-4FB1-4F41-B440-FC1A9108B7B6}"
EndProject
Project("{2150E333-8FDC-42A3-9474-1A3956D46DE8}") = "2- Application", "2- Application", "{D3175DE0-D8BA-4B3F-AF20-5046D694FDC3}"
EndProject
Project("{2150E333-8FDC-42A3-9474-1A3956D46DE8}") = "3- Domain", "3- Domain", "{BD4F482F-9012-4CE9-81F8-7087EC6F42BC}"
EndProject
Project("{2150E333-8FDC-42A3-9474-1A3956D46DE8}") = "4- Infra", "4- Infra", "{16F6D00A-F6E6-40B2-AD55-A7F3C2184A8E}"
EndProject
Project("{FAE04EC0-301F-11D3-BF4B-00C04F79EFBC}") = "NetCoreAngularApp.Application", "NetCoreAngularApp.Application\NetCoreAngularApp.Application.csproj", "{0D92FBBF-0D58-484A-80EE-DF7D7CF85F2D}"
EndProject
Project("{FAE04EC0-301F-11D3-BF4B-00C04F79EFBC}") = "NetCoreAngularApp.Domain", "NetCoreAngularApp.Domain\NetCoreAngularApp.Domain.csproj", "{0295339F-A3B0-4FC9-8032-A20DEC250AC8}"
EndProject
Project("{2150E333-8FDC-42A3-9474-1A3956D46DE8}") = "4.1- Data", "4.1- Data", "{DD1B6898-84D0-4C95-9435-64E6DFF5B712}"
EndProject
Project("{2150E333-8FDC-42A3-9474-1A3956D46DE8}") = "4.2- CrossCutting", "4.2- CrossCutting", "{74B03105-82FB-43CE-A24F-133A4E73BF8F}"
EndProject
Project("{FAE04EC0-301F-11D3-BF4B-00C04F79EFBC}") = "NetCoreAngularApp.Data", "NetCoreAngularApp.Data\NetCoreAngularApp.Data.csproj", "{8CDAA0F7-027F-4B96-B51D-AF5F595ED44A}"
EndProject
Global
	GlobalSection(SolutionConfigurationPlatforms) = preSolution
		Debug|Any CPU = Debug|Any CPU
		Release|Any CPU = Release|Any CPU
	EndGlobalSection
	GlobalSection(ProjectConfigurationPlatforms) = postSolution
		{B2E989C0-5C50-426F-820E-24AD908A9B39}.Debug|Any CPU.ActiveCfg = Debug|Any CPU
		{B2E989C0-5C50-426F-820E-24AD908A9B39}.Debug|Any CPU.Build.0 = Debug|Any CPU
		{B2E989C0-5C50-426F-820E-24AD908A9B39}.Release|Any CPU.ActiveCfg = Release|Any CPU
		{B2E989C0-5C50-426F-820E-24AD908A9B39}.Release|Any CPU.Build.0 = Release|Any CPU
		{0D92FBBF-0D58-484A-80EE-DF7D7CF85F2D}.Debug|Any CPU.ActiveCfg = Debug|Any CPU
		{0D92FBBF-0D58-484A-80EE-DF7D7CF85F2D}.Debug|Any CPU.Build.0 = Debug|Any CPU
		{0D92FBBF-0D58-484A-80EE-DF7D7CF85F2D}.Release|Any CPU.ActiveCfg = Release|Any CPU
		{0D92FBBF-0D58-484A-80EE-DF7D7CF85F2D}.Release|Any CPU.Build.0 = Release|Any CPU
		{0295339F-A3B0-4FC9-8032-A20DEC250AC8}.Debug|Any CPU.ActiveCfg = Debug|Any CPU
		{0295339F-A3B0-4FC9-8032-A20DEC250AC8}.Debug|Any CPU.Build.0 = Debug|Any CPU
		{0295339F-A3B0-4FC9-8032-A20DEC250AC8}.Release|Any CPU.ActiveCfg = Release|Any CPU
		{0295339F-A3B0-4FC9-8032-A20DEC250AC8}.Release|Any CPU.Build.0 = Release|Any CPU
		{8CDAA0F7-027F-4B96-B51D-AF5F595ED44A}.Debug|Any CPU.ActiveCfg = Debug|Any CPU
		{8CDAA0F7-027F-4B96-B51D-AF5F595ED44A}.Debug|Any CPU.Build.0 = Debug|Any CPU
		{8CDAA0F7-027F-4B96-B51D-AF5F595ED44A}.Release|Any CPU.ActiveCfg = Release|Any CPU
		{8CDAA0F7-027F-4B96-B51D-AF5F595ED44A}.Release|Any CPU.Build.0 = Release|Any CPU
	EndGlobalSection
	GlobalSection(SolutionProperties) = preSolution
		HideSolutionNode = FALSE
	EndGlobalSection
	GlobalSection(NestedProjects) = preSolution
		{B2E989C0-5C50-426F-820E-24AD908A9B39} = {8E7A53C1-4FB1-4F41-B440-FC1A9108B7B6}
		{0D92FBBF-0D58-484A-80EE-DF7D7CF85F2D} = {D3175DE0-D8BA-4B3F-AF20-5046D694FDC3}
		{0295339F-A3B0-4FC9-8032-A20DEC250AC8} = {BD4F482F-9012-4CE9-81F8-7087EC6F42BC}
		{DD1B6898-84D0-4C95-9435-64E6DFF5B712} = {16F6D00A-F6E6-40B2-AD55-A7F3C2184A8E}
		{74B03105-82FB-43CE-A24F-133A4E73BF8F} = {16F6D00A-F6E6-40B2-AD55-A7F3C2184A8E}
		{8CDAA0F7-027F-4B96-B51D-AF5F595ED44A} = {DD1B6898-84D0-4C95-9435-64E6DFF5B712}
	EndGlobalSection
	GlobalSection(ExtensibilityGlobals) = postSolution
		SolutionGuid = {5E50E850-4492-453D-BAAC-26FA8A7217CB}
	EndGlobalSection
EndGlobal
